
Microsoft Visual Studio Solution File, Format Version 12.00
# Visual Studio for Mac
Project("{FAE04EC0-301F-11D3-BF4B-00C04F79EFBC}") = "360-live-UMP", "360-live-UMP.csproj", "{7912D46C-DF30-EA00-ED83-A3C569409426}"
EndProject
Project("{FAE04EC0-301F-11D3-BF4B-00C04F79EFBC}") = "360-live-UMP.Editor", "360-live-UMP.Editor.csproj", "{116527E4-2BCC-DCA0-B436-86989D13FD52}"
EndProject
Global
	GlobalSection(SolutionConfigurationPlatforms) = preSolution
		Debug|Any CPU = Debug|Any CPU
		Release|Any CPU = Release|Any CPU
	EndGlobalSection
	GlobalSection(ProjectConfigurationPlatforms) = postSolution
		{7912D46C-DF30-EA00-ED83-A3C569409426}.Debug|Any CPU.ActiveCfg = Debug|Any CPU
		{7912D46C-DF30-EA00-ED83-A3C569409426}.Debug|Any CPU.Build.0 = Debug|Any CPU
		{7912D46C-DF30-EA00-ED83-A3C569409426}.Release|Any CPU.ActiveCfg = Release|Any CPU
		{7912D46C-DF30-EA00-ED83-A3C569409426}.Release|Any CPU.Build.0 = Release|Any CPU
		{116527E4-2BCC-DCA0-B436-86989D13FD52}.Debug|Any CPU.ActiveCfg = Debug|Any CPU
		{116527E4-2BCC-DCA0-B436-86989D13FD52}.Debug|Any CPU.Build.0 = Debug|Any CPU
		{116527E4-2BCC-DCA0-B436-86989D13FD52}.Release|Any CPU.ActiveCfg = Release|Any CPU
		{116527E4-2BCC-DCA0-B436-86989D13FD52}.Release|Any CPU.Build.0 = Release|Any CPU
	EndGlobalSection
	GlobalSection(SolutionProperties) = preSolution
		HideSolutionNode = FALSE
	EndGlobalSection
EndGlobal
